
Microsoft Visual Studio Solution File, Format Version 12.00
# Visual Studio Version 16
VisualStudioVersion = 16.0.810.16
MinimumVisualStudioVersion = 10.0.40219.1
Project("{FAE04EC0-301F-11D3-BF4B-00C04F79EFBC}") = "AST.Parsers", "AST.Parsers\AST.Parsers.csproj", "{06156E69-B4B2-40FE-BC00-13E850AEFF08}"
EndProject
Project("{FAE04EC0-301F-11D3-BF4B-00C04F79EFBC}") = "AST.Parsers.Tests", "AST.Parsers.Tests\AST.Parsers.Tests.csproj", "{5B6FEE00-8B26-460A-9699-1A0883BF07F6}"
EndProject
Project("{2150E333-8FDC-42A3-9474-1A3956D46DE8}") = "Solution Items", "Solution Items", "{1DB99BDA-1C1E-4FC4-B033-E49B98D269BC}"
EndProject
Global
	GlobalSection(SolutionConfigurationPlatforms) = preSolution
		Debug|Any CPU = Debug|Any CPU
		Release|Any CPU = Release|Any CPU
	EndGlobalSection
	GlobalSection(ProjectConfigurationPlatforms) = postSolution
		{06156E69-B4B2-40FE-BC00-13E850AEFF08}.Debug|Any CPU.ActiveCfg = Debug|Any CPU
		{06156E69-B4B2-40FE-BC00-13E850AEFF08}.Debug|Any CPU.Build.0 = Debug|Any CPU
		{06156E69-B4B2-40FE-BC00-13E850AEFF08}.Release|Any CPU.ActiveCfg = Release|Any CPU
		{06156E69-B4B2-40FE-BC00-13E850AEFF08}.Release|Any CPU.Build.0 = Release|Any CPU
		{5B6FEE00-8B26-460A-9699-1A0883BF07F6}.Debug|Any CPU.ActiveCfg = Debug|Any CPU
		{5B6FEE00-8B26-460A-9699-1A0883BF07F6}.Debug|Any CPU.Build.0 = Debug|Any CPU
		{5B6FEE00-8B26-460A-9699-1A0883BF07F6}.Release|Any CPU.ActiveCfg = Release|Any CPU
		{5B6FEE00-8B26-460A-9699-1A0883BF07F6}.Release|Any CPU.Build.0 = Release|Any CPU
	EndGlobalSection
	GlobalSection(SolutionProperties) = preSolution
		HideSolutionNode = FALSE
	EndGlobalSection
	GlobalSection(ExtensibilityGlobals) = postSolution
		SolutionGuid = {F9844A81-439B-4938-99AA-5AA72C99D8D4}
	EndGlobalSection
EndGlobal
